
Microsoft Visual Studio Solution File, Format Version 12.00
# Visual Studio 2012
Project("{FAE04EC0-301F-11D3-BF4B-00C04F79EFBC}") = "Move EyeFi Images", "Move EyeFi Images.csproj", "{1ED5768E-1243-440B-9123-2998DB8274DE}"
EndProject
Global
	GlobalSection(SolutionConfigurationPlatforms) = preSolution
		Debug|Any CPU = Debug|Any CPU
		Release|Any CPU = Release|Any CPU
	EndGlobalSection
	GlobalSection(ProjectConfigurationPlatforms) = postSolution
		{1ED5768E-1243-440B-9123-2998DB8274DE}.Debug|Any CPU.ActiveCfg = Debug|Any CPU
		{1ED5768E-1243-440B-9123-2998DB8274DE}.Debug|Any CPU.Build.0 = Debug|Any CPU
		{1ED5768E-1243-440B-9123-2998DB8274DE}.Release|Any CPU.ActiveCfg = Release|Any CPU
		{1ED5768E-1243-440B-9123-2998DB8274DE}.Release|Any CPU.Build.0 = Release|Any CPU
	EndGlobalSection
	GlobalSection(SolutionProperties) = preSolution
		HideSolutionNode = FALSE
	EndGlobalSection
EndGlobal
